
Microsoft Visual Studio Solution File, Format Version 12.00
# Visual Studio 15
VisualStudioVersion = 15.0.28307.438
MinimumVisualStudioVersion = 10.0.40219.1
Project("{8BC9CEB8-8B4A-11D0-8D11-00A0C91BC942}") = "1991TreeTraversal", "1991TreeTraversal\1991TreeTraversal.vcxproj", "{EDD751BA-CE4E-4163-8B46-8673FAFDCF0F}"
EndProject
Global
	GlobalSection(SolutionConfigurationPlatforms) = preSolution
		Debug|x64 = Debug|x64
		Debug|x86 = Debug|x86
		Release|x64 = Release|x64
		Release|x86 = Release|x86
	EndGlobalSection
	GlobalSection(ProjectConfigurationPlatforms) = postSolution
		{EDD751BA-CE4E-4163-8B46-8673FAFDCF0F}.Debug|x64.ActiveCfg = Debug|x64
		{EDD751BA-CE4E-4163-8B46-8673FAFDCF0F}.Debug|x64.Build.0 = Debug|x64
		{EDD751BA-CE4E-4163-8B46-8673FAFDCF0F}.Debug|x86.ActiveCfg = Debug|Win32
		{EDD751BA-CE4E-4163-8B46-8673FAFDCF0F}.Debug|x86.Build.0 = Debug|Win32
		{EDD751BA-CE4E-4163-8B46-8673FAFDCF0F}.Release|x64.ActiveCfg = Release|x64
		{EDD751BA-CE4E-4163-8B46-8673FAFDCF0F}.Release|x64.Build.0 = Release|x64
		{EDD751BA-CE4E-4163-8B46-8673FAFDCF0F}.Release|x86.ActiveCfg = Release|Win32
		{EDD751BA-CE4E-4163-8B46-8673FAFDCF0F}.Release|x86.Build.0 = Release|Win32
	EndGlobalSection
	GlobalSection(SolutionProperties) = preSolution
		HideSolutionNode = FALSE
	EndGlobalSection
	GlobalSection(ExtensibilityGlobals) = postSolution
		SolutionGuid = {C1390D8F-9E9C-4853-9CF4-B1B26359D924}
	EndGlobalSection
EndGlobal
